
Microsoft Visual Studio Solution File, Format Version 12.00
# Visual Studio Version 17
VisualStudioVersion = 17.0.31919.166
MinimumVisualStudioVersion = 10.0.40219.1
Project("{FAE04EC0-301F-11D3-BF4B-00C04F79EFBC}") = "Postcode.Service", "Postcode.Service\Postcode.Service.csproj", "{72C4CDCE-396E-4ACC-B99A-D0D77A76C196}"
EndProject
Project("{FAE04EC0-301F-11D3-BF4B-00C04F79EFBC}") = "Test", "Test\Test.csproj", "{2415A6E6-8CA0-4968-BA93-D7FD26FC0923}"
EndProject
Global
	GlobalSection(SolutionConfigurationPlatforms) = preSolution
		Debug|Any CPU = Debug|Any CPU
		Release|Any CPU = Release|Any CPU
	EndGlobalSection
	GlobalSection(ProjectConfigurationPlatforms) = postSolution
		{72C4CDCE-396E-4ACC-B99A-D0D77A76C196}.Debug|Any CPU.ActiveCfg = Debug|Any CPU
		{72C4CDCE-396E-4ACC-B99A-D0D77A76C196}.Debug|Any CPU.Build.0 = Debug|Any CPU
		{72C4CDCE-396E-4ACC-B99A-D0D77A76C196}.Release|Any CPU.ActiveCfg = Release|Any CPU
		{72C4CDCE-396E-4ACC-B99A-D0D77A76C196}.Release|Any CPU.Build.0 = Release|Any CPU
		{2415A6E6-8CA0-4968-BA93-D7FD26FC0923}.Debug|Any CPU.ActiveCfg = Debug|Any CPU
		{2415A6E6-8CA0-4968-BA93-D7FD26FC0923}.Debug|Any CPU.Build.0 = Debug|Any CPU
		{2415A6E6-8CA0-4968-BA93-D7FD26FC0923}.Release|Any CPU.ActiveCfg = Release|Any CPU
		{2415A6E6-8CA0-4968-BA93-D7FD26FC0923}.Release|Any CPU.Build.0 = Release|Any CPU
	EndGlobalSection
	GlobalSection(SolutionProperties) = preSolution
		HideSolutionNode = FALSE
	EndGlobalSection
	GlobalSection(ExtensibilityGlobals) = postSolution
		SolutionGuid = {C980CC28-1AA9-4D7F-8859-B1F453842CCA}
	EndGlobalSection
EndGlobal
